
Microsoft Visual Studio Solution File, Format Version 12.00
# Visual Studio Version 17
VisualStudioVersion = 17.1.32328.378
MinimumVisualStudioVersion = 10.0.40219.1
Project("{FAE04EC0-301F-11D3-BF4B-00C04F79EFBC}") = "EquestrianCompetitions", "EquestrianCompetitions\EquestrianCompetitions.csproj", "{69CF9D51-7FB3-4F4D-8EF4-DB9E4A3642DC}"
EndProject
Global
	GlobalSection(SolutionConfigurationPlatforms) = preSolution
		Debug|Any CPU = Debug|Any CPU
		Release|Any CPU = Release|Any CPU
	EndGlobalSection
	GlobalSection(ProjectConfigurationPlatforms) = postSolution
		{69CF9D51-7FB3-4F4D-8EF4-DB9E4A3642DC}.Debug|Any CPU.ActiveCfg = Debug|Any CPU
		{69CF9D51-7FB3-4F4D-8EF4-DB9E4A3642DC}.Debug|Any CPU.Build.0 = Debug|Any CPU
		{69CF9D51-7FB3-4F4D-8EF4-DB9E4A3642DC}.Release|Any CPU.ActiveCfg = Release|Any CPU
		{69CF9D51-7FB3-4F4D-8EF4-DB9E4A3642DC}.Release|Any CPU.Build.0 = Release|Any CPU
	EndGlobalSection
	GlobalSection(SolutionProperties) = preSolution
		HideSolutionNode = FALSE
	EndGlobalSection
	GlobalSection(ExtensibilityGlobals) = postSolution
		SolutionGuid = {37865D1E-F197-4713-86E3-7E74861500BB}
	EndGlobalSection
EndGlobal
